// !$*UTF8*$!
{
	archiveVersion = 1;
	classes = {
	};
	objectVersion = 46;
	objects = {

/* Begin PBXBuildFile section */
		D5314DDF1C0B8ADD00BDFE33 /* AppDelegate.swift in Sources */ = {isa = PBXBuildFile; fileRef = D5314DDE1C0B8ADD00BDFE33 /* AppDelegate.swift */; };
		D5314DE11C0B8ADD00BDFE33 /* ViewController.swift in Sources */ = {isa = PBXBuildFile; fileRef = D5314DE01C0B8ADD00BDFE33 /* ViewController.swift */; };
		D5314DE41C0B8ADD00BDFE33 /* Main.storyboard in Resources */ = {isa = PBXBuildFile; fileRef = D5314DE21C0B8ADD00BDFE33 /* Main.storyboard */; };
		D5314DE61C0B8ADD00BDFE33 /* Assets.xcassets in Resources */ = {isa = PBXBuildFile; fileRef = D5314DE51C0B8ADD00BDFE33 /* Assets.xcassets */; };
		D5314DE91C0B8ADD00BDFE33 /* LaunchScreen.storyboard in Resources */ = {isa = PBXBuildFile; fileRef = D5314DE71C0B8ADD00BDFE33 /* LaunchScreen.storyboard */; };
		D5314DF41C0B8ADD00BDFE33 /* MYOATests.swift in Sources */ = {isa = PBXBuildFile; fileRef = D5314DF31C0B8ADD00BDFE33 /* MYOATests.swift */; };
		D5314DFF1C0B8ADD00BDFE33 /* MYOAUITests.swift in Sources */ = {isa = PBXBuildFile; fileRef = D5314DFE1C0B8ADD00BDFE33 /* MYOAUITests.swift */; };
/* End PBXBuildFile section */

/* Begin PBXContainerItemProxy section */
		D5314DF01C0B8ADD00BDFE33 /* PBXContainerItemProxy */ = {
			isa = PBXContainerItemProxy;
			containerPortal = D5314DD31C0B8ADD00BDFE33 /* Project object */;
			proxyType = 1;
			remoteGlobalIDString = D5314DDA1C0B8ADD00BDFE33;
			remoteInfo = MYOA;
		};
		D5314DFB1C0B8ADD00BDFE33 /* PBXContainerItemProxy */ = {
			isa = PBXContainerItemProxy;
			containerPortal = D5314DD31C0B8ADD00BDFE33 /* Project object */;
			proxyType = 1;
			remoteGlobalIDString = D5314DDA1C0B8ADD00BDFE33;
			remoteInfo = MYOA;
		};
/* End PBXContainerItemProxy section */

/* Begin PBXFileReference section */
		D5314DDB1C0B8ADD00BDFE33 /* MYOA.app */ = {isa = PBXFileReference; explicitFileType = wrapper.application; includeInIndex = 0; path = MYOA.app; sourceTree = BUILT_PRODUCTS_DIR; };
		D5314DDE1C0B8ADD00BDFE33 /* AppDelegate.swift */ = {isa = PBXFileReference; lastKnownFileType = sourcecode.swift; path = AppDelegate.swift; sourceTree = "<group>"; };
		D5314DE01C0B8ADD00BDFE33 /* ViewController.swift */ = {isa = PBXFileReference; lastKnownFileType = sourcecode.swift; path = ViewController.swift; sourceTree = "<group>"; };
		D5314DE31C0B8ADD00BDFE33 /* Base */ = {isa = PBXFileReference; lastKnownFileType = file.storyboard; name = Base; path = Base.lproj/Main.storyboard; sourceTree = "<group>"; };
		D5314DE51C0B8ADD00BDFE33 /* Assets.xcassets */ = {isa = PBXFileReference; lastKnownFileType = folder.assetcatalog; path = Assets.xcassets; sourceTree = "<group>"; };
		D5314DE81C0B8ADD00BDFE33 /* Base */ = {isa = PBXFileReference; lastKnownFileType = file.storyboard; name = Base; path = Base.lproj/LaunchScreen.storyboard; sourceTree = "<group>"; };
		D5314DEA1C0B8ADD00BDFE33 /* Info.plist */ = {isa = PBXFileReference; lastKnownFileType = text.plist.xml; path = Info.plist; sourceTree = "<group>"; };
		D5314DEF1C0B8ADD00BDFE33 /* MYOATests.xctest */ = {isa = PBXFileReference; explicitFileType = wrapper.cfbundle; includeInIndex = 0; path = MYOATests.xctest; sourceTree = BUILT_PRODUCTS_DIR; };
		D5314DF31C0B8ADD00BDFE33 /* MYOATests.swift */ = {isa = PBXFileReference; lastKnownFileType = sourcecode.swift; path = MYOATests.swift; sourceTree = "<group>"; };
		D5314DF51C0B8ADD00BDFE33 /* Info.plist */ = {isa = PBXFileReference; lastKnownFileType = text.plist.xml; path = Info.plist; sourceTree = "<group>"; };
		D5314DFA1C0B8ADD00BDFE33 /* MYOAUITests.xctest */ = {isa = PBXFileReference; explicitFileType = wrapper.cfbundle; includeInIndex = 0; path = MYOAUITests.xctest; sourceTree = BUILT_PRODUCTS_DIR; };
		D5314DFE1C0B8ADD00BDFE33 /* MYOAUITests.swift */ = {isa = PBXFileReference; lastKnownFileType = sourcecode.swift; path = MYOAUITests.swift; sourceTree = "<group>"; };
		D5314E001C0B8ADD00BDFE33 /* Info.plist */ = {isa = PBXFileReference; lastKnownFileType = text.plist.xml; path = Info.plist; sourceTree = "<group>"; };
/* End PBXFileReference section */

/* Begin PBXFrameworksBuildPhase section */
		D5314DD81C0B8ADD00BDFE33 /* Frameworks */ = {
			isa = PBXFrameworksBuildPhase;
			buildActionMask = 2147483647;
			files = (
			);
			runOnlyForDeploymentPostprocessing = 0;
		};
		D5314DEC1C0B8ADD00BDFE33 /* Frameworks */ = {
			isa = PBXFrameworksBuildPhase;
			buildActionMask = 2147483647;
			files = (
			);
			runOnlyForDeploymentPostprocessing = 0;
		};
		D5314DF71C0B8ADD00BDFE33 /* Frameworks */ = {
			isa = PBXFrameworksBuildPhase;
			buildActionMask = 2147483647;
			files = (
			);
			runOnlyForDeploymentPostprocessing = 0;
		};
/* End PBXFrameworksBuildPhase section */

/* Begin PBXGroup section */
		D5314DD21C0B8ADD00BDFE33 = {
			isa = PBXGroup;
			children = (
				D5314DDD1C0B8ADD00BDFE33 /* MYOA */,
				D5314DF21C0B8ADD00BDFE33 /* MYOATests */,
				D5314DFD1C0B8ADD00BDFE33 /* MYOAUITests */,
				D5314DDC1C0B8ADD00BDFE33 /* Products */,
			);
			sourceTree = "<group>";
		};
		D5314DDC1C0B8ADD00BDFE33 /* Products */ = {
			isa = PBXGroup;
			children = (
				D5314DDB1C0B8ADD00BDFE33 /* MYOA.app */,
				D5314DEF1C0B8ADD00BDFE33 /* MYOATests.xctest */,
				D5314DFA1C0B8ADD00BDFE33 /* MYOAUITests.xctest */,
			);
			name = Products;
			sourceTree = "<group>";
		};
		D5314DDD1C0B8ADD00BDFE33 /* MYOA */ = {
			isa = PBXGroup;
			children = (
				D5314DDE1C0B8ADD00BDFE33 /* AppDelegate.swift */,
				D5314DE01C0B8ADD00BDFE33 /* ViewController.swift */,
				D5314DE21C0B8ADD00BDFE33 /* Main.storyboard */,
				D5314DE51C0B8ADD00BDFE33 /* Assets.xcassets */,
				D5314DE71C0B8ADD00BDFE33 /* LaunchScreen.storyboard */,
				D5314DEA1C0B8ADD00BDFE33 /* Info.plist */,
			);
			path = MYOA;
			sourceTree = "<group>";
		};
		D5314DF21C0B8ADD00BDFE33 /* MYOATests */ = {
			isa = PBXGroup;
			children = (
				D5314DF31C0B8ADD00BDFE33 /* MYOATests.swift */,
				D5314DF51C0B8ADD00BDFE33 /* Info.plist */,
			);
			path = MYOATests;
			sourceTree = "<group>";
		};
		D5314DFD1C0B8ADD00BDFE33 /* MYOAUITests */ = {
			isa = PBXGroup;
			children = (
				D5314DFE1C0B8ADD00BDFE33 /* MYOAUITests.swift */,
				D5314E001C0B8ADD00BDFE33 /* Info.plist */,
			);
			path = MYOAUITests;
			sourceTree = "<group>";
		};
/* End PBXGroup section */

/* Begin PBXNativeTarget section */
		D5314DDA1C0B8ADD00BDFE33 /* MYOA */ = {
			isa = PBXNativeTarget;
			buildConfigurationList = D5314E031C0B8ADD00BDFE33 /* Build configuration list for PBXNativeTarget "MYOA" */;
			buildPhases = (
				D5314DD71C0B8ADD00BDFE33 /* Sources */,
				D5314DD81C0B8ADD00BDFE33 /* Frameworks */,
				D5314DD91C0B8ADD00BDFE33 /* Resources */,
			);
			buildRules = (
			);
			dependencies = (
			);
			name = MYOA;
			productName = MYOA;
			productReference = D5314DDB1C0B8ADD00BDFE33 /* MYOA.app */;
			productType = "com.apple.product-type.application";
		};
		D5314DEE1C0B8ADD00BDFE33 /* MYOATests */ = {
			isa = PBXNativeTarget;
			buildConfigurationList = D5314E061C0B8ADD00BDFE33 /* Build configuration list for PBXNativeTarget "MYOATests" */;
			buildPhases = (
				D5314DEB1C0B8ADD00BDFE33 /* Sources */,
				D5314DEC1C0B8ADD00BDFE33 /* Frameworks */,
				D5314DED1C0B8ADD00BDFE33 /* Resources */,
			);
			buildRules = (
			);
			dependencies = (
				D5314DF11C0B8ADD00BDFE33 /* PBXTargetDependency */,
			);
			name = MYOATests;
			productName = MYOATests;
			productReference = D5314DEF1C0B8ADD00BDFE33 /* MYOATests.xctest */;
			productType = "com.apple.product-type.bundle.unit-test";
		};
		D5314DF91C0B8ADD00BDFE33 /* MYOAUITests */ = {
			isa = PBXNativeTarget;
			buildConfigurationList = D5314E091C0B8ADD00BDFE33 /* Build configuration list for PBXNativeTarget "MYOAUITests" */;
			buildPhases = (
				D5314DF61C0B8ADD00BDFE33 /* Sources */,
				D5314DF71C0B8ADD00BDFE33 /* Frameworks */,
				D5314DF81C0B8ADD00BDFE33 /* Resources */,
			);
			buildRules = (
			);
			dependencies = (
				D5314DFC1C0B8ADD00BDFE33 /* PBXTargetDependency */,
			);
			name = MYOAUITests;
			productName = MYOAUITests;
			productReference = D5314DFA1C0B8ADD00BDFE33 /* MYOAUITests.xctest */;
			productType = "com.apple.product-type.bundle.ui-testing";
		};
/* End PBXNativeTarget section */

/* Begin PBXProject section */
		D5314DD31C0B8ADD00BDFE33 /* Project object */ = {
			isa = PBXProject;
			attributes = {
				LastSwiftUpdateCheck = 0710;
				LastUpgradeCheck = 0710;
				ORGANIZATIONNAME = "Aaron Pankratz";
				TargetAttributes = {
					D5314DDA1C0B8ADD00BDFE33 = {
						CreatedOnToolsVersion = 7.1.1;
					};
					D5314DEE1C0B8ADD00BDFE33 = {
						CreatedOnToolsVersion = 7.1.1;
						TestTargetID = D5314DDA1C0B8ADD00BDFE33;
					};
					D5314DF91C0B8ADD00BDFE33 = {
						CreatedOnToolsVersion = 7.1.1;
						TestTargetID = D5314DDA1C0B8ADD00BDFE33;
					};
				};
			};
			buildConfigurationList = D5314DD61C0B8ADD00BDFE33 /* Build configuration list for PBXProject "MYOA" */;
			compatibilityVersion = "Xcode 3.2";
			developmentRegion = English;
			hasScannedForEncodings = 0;
			knownRegions = (
				en,
				Base,
			);
			mainGroup = D5314DD21C0B8ADD00BDFE33;
			productRefGroup = D5314DDC1C0B8ADD00BDFE33 /* Products */;
			projectDirPath = "";
			projectRoot = "";
			targets = (
				D5314DDA1C0B8ADD00BDFE33 /* MYOA */,
				D5314DEE1C0B8ADD00BDFE33 /* MYOATests */,
				D5314DF91C0B8ADD00BDFE33 /* MYOAUITests */,
			);
		};
/* End PBXProject section */

/* Begin PBXResourcesBuildPhase section */
		D5314DD91C0B8ADD00BDFE33 /* Resources */ = {
			isa = PBXResourcesBuildPhase;
			buildActionMask = 2147483647;
			files = (
				D5314DE91C0B8ADD00BDFE33 /* LaunchScreen.storyboard in Resources */,
				D5314DE61C0B8ADD00BDFE33 /* Assets.xcassets in Resources */,
				D5314DE41C0B8ADD00BDFE33 /* Main.storyboard in Resources */,
			);
			runOnlyForDeploymentPostprocessing = 0;
		};
		D5314DED1C0B8ADD00BDFE33 /* Resources */ = {
			isa = PBXResourcesBuildPhase;
			buildActionMask = 2147483647;
			files = (
			);
			runOnlyForDeploymentPostprocessing = 0;
		};
		D5314DF81C0B8ADD00BDFE33 /* Resources */ = {
			isa = PBXResourcesBuildPhase;
			buildActionMask = 2147483647;
			files = (
			);
			runOnlyForDeploymentPostprocessing = 0;
		};
/* End PBXResourcesBuildPhase section */

/* Begin PBXSourcesBuildPhase section */
		D5314DD71C0B8ADD00BDFE33 /* Sources */ = {
			isa = PBXSourcesBuildPhase;
			buildActionMask = 2147483647;
			files = (
				D5314DE11C0B8ADD00BDFE33 /* ViewController.swift in Sources */,
				D5314DDF1C0B8ADD00BDFE33 /* AppDelegate.swift in Sources */,
			);
			runOnlyForDeploymentPostprocessing = 0;
		};
		D5314DEB1C0B8ADD00BDFE33 /* Sources */ = {
			isa = PBXSourcesBuildPhase;
			buildActionMask = 2147483647;
			files = (
				D5314DF41C0B8ADD00BDFE33 /* MYOATests.swift in Sources */,
			);
			runOnlyForDeploymentPostprocessing = 0;
		};
		D5314DF61C0B8ADD00BDFE33 /* Sources */ = {
			isa = PBXSourcesBuildPhase;
			buildActionMask = 2147483647;
			files = (
				D5314DFF1C0B8ADD00BDFE33 /* MYOAUITests.swift in Sources */,
			);
			runOnlyForDeploymentPostprocessing = 0;
		};
/* End PBXSourcesBuildPhase section */

/* Begin PBXTargetDependency section */
		D5314DF11C0B8ADD00BDFE33 /* PBXTargetDependency */ = {
			isa = PBXTargetDependency;
			target = D5314DDA1C0B8ADD00BDFE33 /* MYOA */;
			targetProxy = D5314DF01C0B8ADD00BDFE33 /* PBXContainerItemProxy */;
		};
		D5314DFC1C0B8ADD00BDFE33 /* PBXTargetDependency */ = {
			isa = PBXTargetDependency;
			target = D5314DDA1C0B8ADD00BDFE33 /* MYOA */;
			targetProxy = D5314DFB1C0B8ADD00BDFE33 /* PBXContainerItemProxy */;
		};
/* End PBXTargetDependency section */

/* Begin PBXVariantGroup section */
		D5314DE21C0B8ADD00BDFE33 /* Main.storyboard */ = {
			isa = PBXVariantGroup;
			children = (
				D5314DE31C0B8ADD00BDFE33 /* Base */,
			);
			name = Main.storyboard;
			sourceTree = "<group>";
		};
		D5314DE71C0B8ADD00BDFE33 /* LaunchScreen.storyboard */ = {
			isa = PBXVariantGroup;
			children = (
				D5314DE81C0B8ADD00BDFE33 /* Base */,
			);
			name = LaunchScreen.storyboard;
			sourceTree = "<group>";
		};
/* End PBXVariantGroup section */

/* Begin XCBuildConfiguration section */
		D5314E011C0B8ADD00BDFE33 /* Debug */ = {
			isa = XCBuildConfiguration;
			buildSettings = {
				ALWAYS_SEARCH_USER_PATHS = NO;
				CLANG_CXX_LANGUAGE_STANDARD = "gnu++0x";
				CLANG_CXX_LIBRARY = "libc++";
				CLANG_ENABLE_MODULES = YES;
				CLANG_ENABLE_OBJC_ARC = YES;
				CLANG_WARN_BOOL_CONVERSION = YES;
				CLANG_WARN_CONSTANT_CONVERSION = YES;
				CLANG_WARN_DIRECT_OBJC_ISA_USAGE = YES_ERROR;
				CLANG_WARN_EMPTY_BODY = YES;
				CLANG_WARN_ENUM_CONVERSION = YES;
				CLANG_WARN_INT_CONVERSION = YES;
				CLANG_WARN_OBJC_ROOT_CLASS = YES_ERROR;
				CLANG_WARN_UNREACHABLE_CODE = YES;
				CLANG_WARN__DUPLICATE_METHOD_MATCH = YES;
				"CODE_SIGN_IDENTITY[sdk=iphoneos*]" = "iPhone Developer";
				COPY_PHASE_STRIP = NO;
				DEBUG_INFORMATION_FORMAT = dwarf;
				ENABLE_STRICT_OBJC_MSGSEND = YES;
				ENABLE_TESTABILITY = YES;
				GCC_C_LANGUAGE_STANDARD = gnu99;
				GCC_DYNAMIC_NO_PIC = NO;
				GCC_NO_COMMON_BLOCKS = YES;
				GCC_OPTIMIZATION_LEVEL = 0;
				GCC_PREPROCESSOR_DEFINITIONS = (
					"DEBUG=1",
					"$(inherited)",
				);
				GCC_WARN_64_TO_32_BIT_CONVERSION = YES;
				GCC_WARN_ABOUT_RETURN_TYPE = YES_ERROR;
				GCC_WARN_UNDECLARED_SELECTOR = YES;
				GCC_WARN_UNINITIALIZED_AUTOS = YES_AGGRESSIVE;
				GCC_WARN_UNUSED_FUNCTION = YES;
				GCC_WARN_UNUSED_VARIABLE = YES;
				IPHONEOS_DEPLOYMENT_TARGET = 9.1;
				MTL_ENABLE_DEBUG_INFO = YES;
				ONLY_ACTIVE_ARCH = YES;
				SDKROOT = iphoneos;
				SWIFT_OPTIMIZATION_LEVEL = "-Onone";
				TARGETED_DEVICE_FAMILY = "1,2";
			};
			name = Debug;
		};
		D5314E021C0B8ADD00BDFE33 /* Release */ = {
			isa = XCBuildConfiguration;
			buildSettings = {
				ALWAYS_SEARCH_USER_PATHS = NO;
				CLANG_CXX_LANGUAGE_STANDARD = "gnu++0x";
				CLANG_CXX_LIBRARY = "libc++";
				CLANG_ENABLE_MODULES = YES;
				CLANG_ENABLE_OBJC_ARC = YES;
				CLANG_WARN_BOOL_CONVERSION = YES;
				CLANG_WARN_CONSTANT_CONVERSION = YES;
				CLANG_WARN_DIRECT_OBJC_ISA_USAGE = YES_ERROR;
				CLANG_WARN_EMPTY_BODY = YES;
				CLANG_WARN_ENUM_CONVERSION = YES;
				CLANG_WARN_INT_CONVERSION = YES;
				CLANG_WARN_OBJC_ROOT_CLASS = YES_ERROR;
				CLANG_WARN_UNREACHABLE_CODE = YES;
				CLANG_WARN__DUPLICATE_METHOD_MATCH = YES;
				"CODE_SIGN_IDENTITY[sdk=iphoneos*]" = "iPhone Developer";
				COPY_PHASE_STRIP = NO;
				DEBUG_INFORMATION_FORMAT = "dwarf-with-dsym";
				ENABLE_NS_ASSERTIONS = NO;
				ENABLE_STRICT_OBJC_MSGSEND = YES;
				GCC_C_LANGUAGE_STANDARD = gnu99;
				GCC_NO_COMMON_BLOCKS = YES;
				GCC_WARN_64_TO_32_BIT_CONVERSION = YES;
				GCC_WARN_ABOUT_RETURN_TYPE = YES_ERROR;
				GCC_WARN_UNDECLARED_SELECTOR = YES;
				GCC_WARN_UNINITIALIZED_AUTOS = YES_AGGRESSIVE;
				GCC_WARN_UNUSED_FUNCTION = YES;
				GCC_WARN_UNUSED_VARIABLE = YES;
				IPHONEOS_DEPLOYMENT_TARGET = 9.1;
				MTL_ENABLE_DEBUG_INFO = NO;
				SDKROOT = iphoneos;
				TARGETED_DEVICE_FAMILY = "1,2";
				VALIDATE_PRODUCT = YES;
			};
			name = Release;
		};
		D5314E041C0B8ADD00BDFE33 /* Debug */ = {
			isa = XCBuildConfiguration;
			buildSettings = {
				ASSETCATALOG_COMPILER_APPICON_NAME = AppIcon;
				INFOPLIST_FILE = MYOA/Info.plist;
				LD_RUNPATH_SEARCH_PATHS = "$(inherited) @executable_path/Frameworks";
				PRODUCT_BUNDLE_IDENTIFIER = aaronpankratz.MYOA;
				PRODUCT_NAME = "$(TARGET_NAME)";
			};
			name = Debug;
		};
		D5314E051C0B8ADD00BDFE33 /* Release */ = {
			isa = XCBuildConfiguration;
			buildSettings = {
				ASSETCATALOG_COMPILER_APPICON_NAME = AppIcon;
				INFOPLIST_FILE = MYOA/Info.plist;
				LD_RUNPATH_SEARCH_PATHS = "$(inherited) @executable_path/Frameworks";
				PRODUCT_BUNDLE_IDENTIFIER = aaronpankratz.MYOA;
				PRODUCT_NAME = "$(TARGET_NAME)";
			};
			name = Release;
		};
		D5314E071C0B8ADD00BDFE33 /* Debug */ = {
			isa = XCBuildConfiguration;
			buildSettings = {
				BUNDLE_LOADER = "$(TEST_HOST)";
				INFOPLIST_FILE = MYOATests/Info.plist;
				LD_RUNPATH_SEARCH_PATHS = "$(inherited) @executable_path/Frameworks @loader_path/Frameworks";
				PRODUCT_BUNDLE_IDENTIFIER = aaronpankratz.MYOATests;
				PRODUCT_NAME = "$(TARGET_NAME)";
				TEST_HOST = "$(BUILT_PRODUCTS_DIR)/MYOA.app/MYOA";
			};
			name = Debug;
		};
		D5314E081C0B8ADD00BDFE33 /* Release */ = {
			isa = XCBuildConfiguration;
			buildSettings = {
				BUNDLE_LOADER = "$(TEST_HOST)";
				INFOPLIST_FILE = MYOATests/Info.plist;
				LD_RUNPATH_SEARCH_PATHS = "$(inherited) @executable_path/Frameworks @loader_path/Frameworks";
				PRODUCT_BUNDLE_IDENTIFIER = aaronpankratz.MYOATests;
				PRODUCT_NAME = "$(TARGET_NAME)";
				TEST_HOST = "$(BUILT_PRODUCTS_DIR)/MYOA.app/MYOA";
			};
			name = Release;
		};
		D5314E0A1C0B8ADD00BDFE33 /* Debug */ = {
			isa = XCBuildConfiguration;
			buildSettings = {
				INFOPLIST_FILE = MYOAUITests/Info.plist;
				LD_RUNPATH_SEARCH_PATHS = "$(inherited) @executable_path/Frameworks @loader_path/Frameworks";
				PRODUCT_BUNDLE_IDENTIFIER = aaronpankratz.MYOAUITests;
				PRODUCT_NAME = "$(TARGET_NAME)";
				TEST_TARGET_NAME = MYOA;
				USES_XCTRUNNER = YES;
			};
			name = Debug;
		};
		D5314E0B1C0B8ADD00BDFE33 /* Release */ = {
			isa = XCBuildConfiguration;
			buildSettings = {
				INFOPLIST_FILE = MYOAUITests/Info.plist;
				LD_RUNPATH_SEARCH_PATHS = "$(inherited) @executable_path/Frameworks @loader_path/Frameworks";
				PRODUCT_BUNDLE_IDENTIFIER = aaronpankratz.MYOAUITests;
				PRODUCT_NAME = "$(TARGET_NAME)";
				TEST_TARGET_NAME = MYOA;
				USES_XCTRUNNER = YES;
			};
			name = Release;
		};
/* End XCBuildConfiguration section */

/* Begin XCConfigurationList section */
		D5314DD61C0B8ADD00BDFE33 /* Build configuration list for PBXProject "MYOA" */ = {
			isa = XCConfigurationList;
			buildConfigurations = (
				D5314E011C0B8ADD00BDFE33 /* Debug */,
				D5314E021C0B8ADD00BDFE33 /* Release */,
			);
			defaultConfigurationIsVisible = 0;
			defaultConfigurationName = Release;
		};
		D5314E031C0B8ADD00BDFE33 /* Build configuration list for PBXNativeTarget "MYOA" */ = {
			isa = XCConfigurationList;
			buildConfigurations = (
				D5314E041C0B8ADD00BDFE33 /* Debug */,
				D5314E051C0B8ADD00BDFE33 /* Release */,
			);
			defaultConfigurationIsVisible = 0;
		};
		D5314E061C0B8ADD00BDFE33 /* Build configuration list for PBXNativeTarget "MYOATests" */ = {
			isa = XCConfigurationList;
			buildConfigurations = (
				D5314E071C0B8ADD00BDFE33 /* Debug */,
				D5314E081C0B8ADD00BDFE33 /* Release */,
			);
			defaultConfigurationIsVisible = 0;
		};
		D5314E091C0B8ADD00BDFE33 /* Build configuration list for PBXNativeTarget "MYOAUITests" */ = {
			isa = XCConfigurationList;
			buildConfigurations = (
				D5314E0A1C0B8ADD00BDFE33 /* Debug */,
				D5314E0B1C0B8ADD00BDFE33 /* Release */,
			);
			defaultConfigurationIsVisible = 0;
		};
/* End XCConfigurationList section */
	};
	rootObject = D5314DD31C0B8ADD00BDFE33 /* Project object */;
}
